schema: '2.0'
stages:
  dataset:
    cmd: python src/dataset.py
    deps:
    - path: data/raw/Delivery Dataset.csv
      hash: md5
      md5: 5911da30b4026708a4786e3ab0a7b4da
      size: 5440444
    - path: src/dataset.py
      hash: md5
      md5: 73bc516e97b39143f004391787e1ed6e
      size: 10015
    outs:
    - path: data/processed/cleaned Delivery Dataset.csv
      hash: md5
      md5: 5cd48934aaa7d7aa21e77f3396209194
      size: 3400639
  data_preparation:
    cmd: python src/data_preparation.py
    deps:
    - path: data/processed/cleaned Delivery Dataset.csv
      hash: md5
      md5: 5cd48934aaa7d7aa21e77f3396209194
      size: 3400639
    - path: src/data_preparation.py
      hash: md5
      md5: b6d4bbef075296ef0112a65470887350
      size: 3020
    outs:
    - path: data/interim/test.csv
      hash: md5
      md5: 62e3d8c514792f9012663fbade40521e
      size: 680212
    - path: data/interim/train.csv
      hash: md5
      md5: e59f9c820abf66168cad244970434618
      size: 2720780
  feature_engineering:
    cmd: python src/features.py
    deps:
    - path: data/interim/test.csv
      hash: md5
      md5: 62e3d8c514792f9012663fbade40521e
      size: 680212
    - path: data/interim/train.csv
      hash: md5
      md5: e59f9c820abf66168cad244970434618
      size: 2720780
    - path: src/features.py
      hash: md5
      md5: 9651750b629a4012106dd44f92125586
      size: 10608
    outs:
    - path: data/processed/test_features/test_labels.csv
      hash: md5
      md5: e7171e1d31cd08f349e4db47eac9d7fc
      size: 14782
    - path: data/processed/test_features/test_trans.csv
      hash: md5
      md5: 36567cd6772e18b3da97da6f81d56560
      size: 1923924
    - path: data/processed/train_features/train_labels.csv
      hash: md5
      md5: a8b85e197c5b02d386c80e77734ce527
      size: 59074
    - path: data/processed/train_features/train_trans.csv
      hash: md5
      md5: ee4c402525876ee7997d416d3afb8abd
      size: 7691710
    - path: models/preprocessor.joblib
      hash: md5
      md5: ee04b1ae86ec8c41c5d210874e68462f
      size: 9117
  model_training:
    cmd: python src/modeling/train.py
    deps:
    - path: data/processed/train_features/train_labels.csv
      hash: md5
      md5: a8b85e197c5b02d386c80e77734ce527
      size: 59074
    - path: data/processed/train_features/train_trans.csv
      hash: md5
      md5: ee4c402525876ee7997d416d3afb8abd
      size: 7691710
    - path: src/modeling/train.py
      hash: md5
      md5: e778b3a456a6e1ffccf203ebdea4043b
      size: 4688
    params:
      params.yaml:
        Train.RandomForest:
          n_estimators: 299
          max_depth: 13
          min_samples_split: 20
          min_samples_leaf: 2
          max_features: 0.44603640869435546
          bootstrap: false
        Train.XGB_BOOST:
          n_estimators: 245
          max_depth: 23
          learning_rate: 0.19864909172366368
          subsample: 0.9180765181845632
          min_child_weight: 7
          gamma: 1.0407049003047555
          reg_lambda: 22.40266224283313
    outs:
    - path: models/model.joblib
      hash: md5
      md5: 398d49c8f3152c867f3243cf24da7a1a
      size: 37859817
  prediction:
    cmd: python src/modeling/predict.py
    deps:
    - path: data/processed/test_features/test_labels.csv
      hash: md5
      md5: e7171e1d31cd08f349e4db47eac9d7fc
      size: 14782
    - path: data/processed/test_features/test_trans.csv
      hash: md5
      md5: 36567cd6772e18b3da97da6f81d56560
      size: 1923924
    - path: models/model.joblib
      hash: md5
      md5: 398d49c8f3152c867f3243cf24da7a1a
      size: 37859817
    - path: src/modeling/predict.py
      hash: md5
      md5: fc1e1e6dece578393f0cad19d6e7f1e6
      size: 11189
    outs:
    - path: data/external/evaluation_metrics.json
      hash: md5
      md5: 561a119935978d507584ba3dddd53b15
      size: 203
    - path: data/external/test_predictions.csv
      hash: md5
      md5: c92da6351aaa95fbf949f6457432d550
      size: 153525
